
Microsoft Visual Studio Solution File, Format Version 12.00
# Visual Studio 15
VisualStudioVersion = 15.0.27428.2037
MinimumVisualStudioVersion = 10.0.40219.1
Project("{FAE04EC0-301F-11D3-BF4B-00C04F79EFBC}") = "ImageGrabber", "ImageGrabber\ImageGrabber.csproj", "{644B5CAA-399D-4A39-BE4C-DC822147B355}"
EndProject
Project("{FAE04EC0-301F-11D3-BF4B-00C04F79EFBC}") = "ImageGrabberServices", "ImageGrabberServices\ImageGrabberServices.csproj", "{19C6CA25-839F-480E-9E7D-4D2C4319D7A5}"
EndProject
Project("{FAE04EC0-301F-11D3-BF4B-00C04F79EFBC}") = "ImageGrabberTests", "ImageGrabberTests\ImageGrabberTests.csproj", "{48043E56-24B7-4994-8A47-A42012DA8F9F}"
EndProject
Global
	GlobalSection(SolutionConfigurationPlatforms) = preSolution
		Debug|Any CPU = Debug|Any CPU
		Release|Any CPU = Release|Any CPU
	EndGlobalSection
	GlobalSection(ProjectConfigurationPlatforms) = postSolution
		{644B5CAA-399D-4A39-BE4C-DC822147B355}.Debug|Any CPU.ActiveCfg = Debug|Any CPU
		{644B5CAA-399D-4A39-BE4C-DC822147B355}.Debug|Any CPU.Build.0 = Debug|Any CPU
		{644B5CAA-399D-4A39-BE4C-DC822147B355}.Release|Any CPU.ActiveCfg = Release|Any CPU
		{644B5CAA-399D-4A39-BE4C-DC822147B355}.Release|Any CPU.Build.0 = Release|Any CPU
		{19C6CA25-839F-480E-9E7D-4D2C4319D7A5}.Debug|Any CPU.ActiveCfg = Debug|Any CPU
		{19C6CA25-839F-480E-9E7D-4D2C4319D7A5}.Debug|Any CPU.Build.0 = Debug|Any CPU
		{19C6CA25-839F-480E-9E7D-4D2C4319D7A5}.Release|Any CPU.ActiveCfg = Release|Any CPU
		{19C6CA25-839F-480E-9E7D-4D2C4319D7A5}.Release|Any CPU.Build.0 = Release|Any CPU
		{48043E56-24B7-4994-8A47-A42012DA8F9F}.Debug|Any CPU.ActiveCfg = Debug|Any CPU
		{48043E56-24B7-4994-8A47-A42012DA8F9F}.Debug|Any CPU.Build.0 = Debug|Any CPU
		{48043E56-24B7-4994-8A47-A42012DA8F9F}.Release|Any CPU.ActiveCfg = Release|Any CPU
		{48043E56-24B7-4994-8A47-A42012DA8F9F}.Release|Any CPU.Build.0 = Release|Any CPU
	EndGlobalSection
	GlobalSection(SolutionProperties) = preSolution
		HideSolutionNode = FALSE
	EndGlobalSection
	GlobalSection(ExtensibilityGlobals) = postSolution
		SolutionGuid = {DE299363-45FC-47C7-91AD-53CEDC3D8A05}
	EndGlobalSection
EndGlobal
